
Microsoft Visual Studio Solution File, Format Version 12.00
# Visual Studio Version 16
VisualStudioVersion = 16.0.29709.97
MinimumVisualStudioVersion = 10.0.40219.1
Project("{FAE04EC0-301F-11D3-BF4B-00C04F79EFBC}") = "Ex03", "Ex03\Ex03.csproj", "{168961BF-62F1-4E31-96BB-DA8089173392}"
EndProject
Global
	GlobalSection(SolutionConfigurationPlatforms) = preSolution
		Debug|Any CPU = Debug|Any CPU
		Release|Any CPU = Release|Any CPU
	EndGlobalSection
	GlobalSection(ProjectConfigurationPlatforms) = postSolution
		{168961BF-62F1-4E31-96BB-DA8089173392}.Debug|Any CPU.ActiveCfg = Debug|Any CPU
		{168961BF-62F1-4E31-96BB-DA8089173392}.Debug|Any CPU.Build.0 = Debug|Any CPU
		{168961BF-62F1-4E31-96BB-DA8089173392}.Release|Any CPU.ActiveCfg = Release|Any CPU
		{168961BF-62F1-4E31-96BB-DA8089173392}.Release|Any CPU.Build.0 = Release|Any CPU
	EndGlobalSection
	GlobalSection(SolutionProperties) = preSolution
		HideSolutionNode = FALSE
	EndGlobalSection
	GlobalSection(ExtensibilityGlobals) = postSolution
		SolutionGuid = {FAAA95B7-5BB1-441A-AEB3-BE0BC0355174}
	EndGlobalSection
EndGlobal
